
Microsoft Visual Studio Solution File, Format Version 12.00
# Visual Studio 14
VisualStudioVersion = 14.0.25420.1
MinimumVisualStudioVersion = 10.0.40219.1
Project("{FAE04EC0-301F-11D3-BF4B-00C04F79EFBC}") = "SyncConfigService", "SyncConfigService\SyncConfigService.csproj", "{CBD116A6-9627-41BF-9060-F32B308E47F2}"
EndProject
Project("{FAE04EC0-301F-11D3-BF4B-00C04F79EFBC}") = "TestConfig", "TestConfig\TestConfig.csproj", "{06E311B1-0B11-4733-A7A4-A2A642B64189}"
EndProject
Global
	GlobalSection(SolutionConfigurationPlatforms) = preSolution
		Debug|Any CPU = Debug|Any CPU
		Release|Any CPU = Release|Any CPU
	EndGlobalSection
	GlobalSection(ProjectConfigurationPlatforms) = postSolution
		{CBD116A6-9627-41BF-9060-F32B308E47F2}.Debug|Any CPU.ActiveCfg = Debug|Any CPU
		{CBD116A6-9627-41BF-9060-F32B308E47F2}.Debug|Any CPU.Build.0 = Debug|Any CPU
		{CBD116A6-9627-41BF-9060-F32B308E47F2}.Release|Any CPU.ActiveCfg = Release|Any CPU
		{CBD116A6-9627-41BF-9060-F32B308E47F2}.Release|Any CPU.Build.0 = Release|Any CPU
		{06E311B1-0B11-4733-A7A4-A2A642B64189}.Debug|Any CPU.ActiveCfg = Debug|Any CPU
		{06E311B1-0B11-4733-A7A4-A2A642B64189}.Debug|Any CPU.Build.0 = Debug|Any CPU
		{06E311B1-0B11-4733-A7A4-A2A642B64189}.Release|Any CPU.ActiveCfg = Release|Any CPU
		{06E311B1-0B11-4733-A7A4-A2A642B64189}.Release|Any CPU.Build.0 = Release|Any CPU
	EndGlobalSection
	GlobalSection(SolutionProperties) = preSolution
		HideSolutionNode = FALSE
	EndGlobalSection
EndGlobal
